
Microsoft Visual Studio Solution File, Format Version 12.00
# Visual Studio 2012
Project("{2150E333-8FDC-42A3-9474-1A3956D46DE8}") = "Bin", "Bin", "{2FCBC86B-3A35-42CA-AE9E-0CBA9FECBF31}"
	ProjectSection(SolutionItems) = preProject
		bin\AjaxControlToolkit.dll = bin\AjaxControlToolkit.dll
		bin\AjaxControlToolkit.pdb = bin\AjaxControlToolkit.pdb
		bin\CAESDO.PTF.BLL.pdb = bin\CAESDO.PTF.BLL.pdb
		bin\CAESDO.PTF.Core.pdb = bin\CAESDO.PTF.Core.pdb
		bin\CAESOps.dll = bin\CAESOps.dll
		bin\CAESOps.pdb = bin\CAESOps.pdb
		bin\CAESOps.XmlSerializers.dll = bin\CAESOps.XmlSerializers.dll
		bin\Castle.DynamicProxy.dll = bin\Castle.DynamicProxy.dll
		bin\Castle.DynamicProxy.xml = bin\Castle.DynamicProxy.xml
		bin\ceTe.DynamicPDF.20.dll = bin\ceTe.DynamicPDF.20.dll
		bin\Elmah.dll = bin\Elmah.dll
		bin\Elmah.pdb = bin\Elmah.pdb
		bin\Elmah.xml = bin\Elmah.xml
		bin\HibernatingRhinos.Profiler.Appender.dll = bin\HibernatingRhinos.Profiler.Appender.dll
		bin\Iesi.Collections.dll = bin\Iesi.Collections.dll
		bin\Iesi.Collections.xml = bin\Iesi.Collections.xml
		bin\log4net.dll = bin\log4net.dll
		bin\log4net.xml = bin\log4net.xml
		bin\Microsoft.Practices.EnterpriseLibrary.Common.dll = bin\Microsoft.Practices.EnterpriseLibrary.Common.dll
		bin\Microsoft.Practices.EnterpriseLibrary.Common.pdb = bin\Microsoft.Practices.EnterpriseLibrary.Common.pdb
		bin\Microsoft.Practices.EnterpriseLibrary.Common.xml = bin\Microsoft.Practices.EnterpriseLibrary.Common.xml
		bin\Microsoft.Practices.EnterpriseLibrary.Data.dll = bin\Microsoft.Practices.EnterpriseLibrary.Data.dll
		bin\Microsoft.Practices.EnterpriseLibrary.Data.pdb = bin\Microsoft.Practices.EnterpriseLibrary.Data.pdb
		bin\Microsoft.Practices.EnterpriseLibrary.Data.xml = bin\Microsoft.Practices.EnterpriseLibrary.Data.xml
		bin\Microsoft.Practices.EnterpriseLibrary.ExceptionHandling.dll = bin\Microsoft.Practices.EnterpriseLibrary.ExceptionHandling.dll
		bin\Microsoft.Practices.EnterpriseLibrary.ExceptionHandling.pdb = bin\Microsoft.Practices.EnterpriseLibrary.ExceptionHandling.pdb
		bin\Microsoft.Practices.EnterpriseLibrary.ExceptionHandling.xml = bin\Microsoft.Practices.EnterpriseLibrary.ExceptionHandling.xml
		bin\Microsoft.Practices.EnterpriseLibrary.Validation.dll = bin\Microsoft.Practices.EnterpriseLibrary.Validation.dll
		bin\Microsoft.Practices.EnterpriseLibrary.Validation.pdb = bin\Microsoft.Practices.EnterpriseLibrary.Validation.pdb
		bin\Microsoft.Practices.EnterpriseLibrary.Validation.xml = bin\Microsoft.Practices.EnterpriseLibrary.Validation.xml
		bin\Microsoft.Practices.ObjectBuilder.dll = bin\Microsoft.Practices.ObjectBuilder.dll
		bin\NHibernate.dll = bin\NHibernate.dll
		bin\PTF.Data.dll = bin\PTF.Data.dll
		bin\PTF.Data.pdb = bin\PTF.Data.pdb
		bin\PTF.dll = bin\PTF.dll
		bin\System.Web.Extensions.Design.dll = bin\System.Web.Extensions.Design.dll
		bin\System.Web.Extensions.dll = bin\System.Web.Extensions.dll
	EndProjectSection
EndProject
Project("{E24C65DC-7377-472B-9ABA-BC803B73C61A}") = "PTF.Web", "PTF.Web", "{1CFE5FD2-E4A3-4420-85DC-FFBA4E954AEB}"
	ProjectSection(WebsiteProperties) = preProject
		SccProjectName = "SAK"
		SccAuxPath = "SAK"
		SccLocalPath = "SAK"
		SccProvider = "SAK"
		TargetFrameworkMoniker = ".NETFramework,Version%3Dv3.5"
		ProjectReferences = "{803AB19A-B148-487D-99A8-E3FF8BE222F4}|PTF.BLL.dll;{96C16422-3827-4D04-B34E-BA27EA3F3D8B}|PTF.Core.dll;{031EECA0-481E-444A-B4DE-A3977607DA5F}|PTF.Data.dll;"
		Debug.AspNetCompiler.VirtualPath = "/PTF.Web"
		Debug.AspNetCompiler.PhysicalPath = "PTF.Web\"
		Debug.AspNetCompiler.TargetPath = "PrecompiledWeb\PTF.Web\"
		Debug.AspNetCompiler.Updateable = "true"
		Debug.AspNetCompiler.ForceOverwrite = "true"
		Debug.AspNetCompiler.FixedNames = "false"
		Debug.AspNetCompiler.Debug = "True"
		Release.AspNetCompiler.VirtualPath = "/PTF.Web"
		Release.AspNetCompiler.PhysicalPath = "PTF.Web\"
		Release.AspNetCompiler.TargetPath = "PrecompiledWeb\PTF.Web\"
		Release.AspNetCompiler.Updateable = "true"
		Release.AspNetCompiler.ForceOverwrite = "true"
		Release.AspNetCompiler.FixedNames = "false"
		Release.AspNetCompiler.Debug = "False"
		VWDPort = "42854"
		DefaultWebSiteLanguage = "Visual C#"
	EndProjectSection
EndProject
Project("{FAE04EC0-301F-11D3-BF4B-00C04F79EFBC}") = "PTF.BLL", "PTF.BLL\PTF.BLL.csproj", "{803AB19A-B148-487D-99A8-E3FF8BE222F4}"
EndProject
Project("{FAE04EC0-301F-11D3-BF4B-00C04F79EFBC}") = "PTF.Core", "PTF.Core\PTF.Core.csproj", "{96C16422-3827-4D04-B34E-BA27EA3F3D8B}"
EndProject
Project("{FAE04EC0-301F-11D3-BF4B-00C04F79EFBC}") = "PTF.Data", "PTF.Data\PTF.Data.csproj", "{031EECA0-481E-444A-B4DE-A3977607DA5F}"
EndProject
Project("{C8D11400-126E-41CD-887F-60BD40844F9E}") = "PTF.SQL", "PTF.SQL\PTF.SQL.dbproj", "{67CBC824-A49E-4E9B-A947-360F3DFE65C3}"
EndProject
Project("{00D1A9C2-B5F0-4AF3-8072-F6C62B433612}") = "PTFConvert", "PTFConvert\PTFConvert.sqlproj", "{FC36183B-54B8-4AF1-8BF3-6ED47EA21DE6}"
EndProject
Project("{00D1A9C2-B5F0-4AF3-8072-F6C62B433612}") = "PTF.CLR", "PTF.CLR\PTF.CLR.sqlproj", "{B098D2CC-3A61-4B03-95D1-459523991226}"
EndProject
Project("{2CFEAB61-6A3B-4EB8-B523-560B4BEEF521}") = "PTF.Deploy", "PTF.Deploy\PTF.Deploy.wdproj", "{9931B892-5ECE-49FF-9356-C06CFC8318E7}"
EndProject
Project("{F14B399A-7131-4C87-9E4B-1186C45EF12D}") = "PTF.Report", "PTF.Report\PTF.Report.rptproj", "{5619B0B1-9B20-42BF-91C2-6448B7805721}"
EndProject
Global
	GlobalSection(SolutionConfigurationPlatforms) = preSolution
		Debug|.NET = Debug|.NET
		Debug|Any CPU = Debug|Any CPU
		Debug|Mixed Platforms = Debug|Mixed Platforms
		DebugLocal|.NET = DebugLocal|.NET
		DebugLocal|Any CPU = DebugLocal|Any CPU
		DebugLocal|Mixed Platforms = DebugLocal|Mixed Platforms
		Release|.NET = Release|.NET
		Release|Any CPU = Release|Any CPU
		Release|Mixed Platforms = Release|Mixed Platforms
		Test|.NET = Test|.NET
		Test|Any CPU = Test|Any CPU
		Test|Mixed Platforms = Test|Mixed Platforms
	EndGlobalSection
	GlobalSection(ProjectConfigurationPlatforms) = postSolution
		{1CFE5FD2-E4A3-4420-85DC-FFBA4E954AEB}.Debug|.NET.ActiveCfg = Debug|Any CPU
		{1CFE5FD2-E4A3-4420-85DC-FFBA4E954AEB}.Debug|Any CPU.ActiveCfg = Debug|Any CPU
		{1CFE5FD2-E4A3-4420-85DC-FFBA4E954AEB}.Debug|Any CPU.Build.0 = Debug|Any CPU
		{1CFE5FD2-E4A3-4420-85DC-FFBA4E954AEB}.Debug|Mixed Platforms.ActiveCfg = Debug|Any CPU
		{1CFE5FD2-E4A3-4420-85DC-FFBA4E954AEB}.Debug|Mixed Platforms.Build.0 = Debug|Any CPU
		{1CFE5FD2-E4A3-4420-85DC-FFBA4E954AEB}.DebugLocal|.NET.ActiveCfg = Debug|Any CPU
		{1CFE5FD2-E4A3-4420-85DC-FFBA4E954AEB}.DebugLocal|Any CPU.ActiveCfg = Debug|Any CPU
		{1CFE5FD2-E4A3-4420-85DC-FFBA4E954AEB}.DebugLocal|Any CPU.Build.0 = Debug|Any CPU
		{1CFE5FD2-E4A3-4420-85DC-FFBA4E954AEB}.DebugLocal|Mixed Platforms.ActiveCfg = Debug|Any CPU
		{1CFE5FD2-E4A3-4420-85DC-FFBA4E954AEB}.DebugLocal|Mixed Platforms.Build.0 = Debug|Any CPU
		{1CFE5FD2-E4A3-4420-85DC-FFBA4E954AEB}.Release|.NET.ActiveCfg = Debug|Any CPU
		{1CFE5FD2-E4A3-4420-85DC-FFBA4E954AEB}.Release|Any CPU.ActiveCfg = Debug|Any CPU
		{1CFE5FD2-E4A3-4420-85DC-FFBA4E954AEB}.Release|Any CPU.Build.0 = Debug|Any CPU
		{1CFE5FD2-E4A3-4420-85DC-FFBA4E954AEB}.Release|Mixed Platforms.ActiveCfg = Debug|Any CPU
		{1CFE5FD2-E4A3-4420-85DC-FFBA4E954AEB}.Release|Mixed Platforms.Build.0 = Debug|Any CPU
		{1CFE5FD2-E4A3-4420-85DC-FFBA4E954AEB}.Test|.NET.ActiveCfg = Debug|Any CPU
		{1CFE5FD2-E4A3-4420-85DC-FFBA4E954AEB}.Test|Any CPU.ActiveCfg = Debug|Any CPU
		{1CFE5FD2-E4A3-4420-85DC-FFBA4E954AEB}.Test|Any CPU.Build.0 = Debug|Any CPU
		{1CFE5FD2-E4A3-4420-85DC-FFBA4E954AEB}.Test|Mixed Platforms.ActiveCfg = Debug|Any CPU
		{1CFE5FD2-E4A3-4420-85DC-FFBA4E954AEB}.Test|Mixed Platforms.Build.0 = Debug|Any CPU
		{803AB19A-B148-487D-99A8-E3FF8BE222F4}.Debug|.NET.ActiveCfg = Debug|Any CPU
		{803AB19A-B148-487D-99A8-E3FF8BE222F4}.Debug|Any CPU.ActiveCfg = Debug|Any CPU
		{803AB19A-B148-487D-99A8-E3FF8BE222F4}.Debug|Any CPU.Build.0 = Debug|Any CPU
		{803AB19A-B148-487D-99A8-E3FF8BE222F4}.Debug|Mixed Platforms.ActiveCfg = Debug|Any CPU
		{803AB19A-B148-487D-99A8-E3FF8BE222F4}.Debug|Mixed Platforms.Build.0 = Debug|Any CPU
		{803AB19A-B148-487D-99A8-E3FF8BE222F4}.DebugLocal|.NET.ActiveCfg = Debug|Any CPU
		{803AB19A-B148-487D-99A8-E3FF8BE222F4}.DebugLocal|Any CPU.ActiveCfg = Debug|Any CPU
		{803AB19A-B148-487D-99A8-E3FF8BE222F4}.DebugLocal|Any CPU.Build.0 = Debug|Any CPU
		{803AB19A-B148-487D-99A8-E3FF8BE222F4}.DebugLocal|Mixed Platforms.ActiveCfg = Debug|Any CPU
		{803AB19A-B148-487D-99A8-E3FF8BE222F4}.DebugLocal|Mixed Platforms.Build.0 = Debug|Any CPU
		{803AB19A-B148-487D-99A8-E3FF8BE222F4}.Release|.NET.ActiveCfg = Release|Any CPU
		{803AB19A-B148-487D-99A8-E3FF8BE222F4}.Release|Any CPU.ActiveCfg = Release|Any CPU
		{803AB19A-B148-487D-99A8-E3FF8BE222F4}.Release|Any CPU.Build.0 = Release|Any CPU
		{803AB19A-B148-487D-99A8-E3FF8BE222F4}.Release|Mixed Platforms.ActiveCfg = Release|Any CPU
		{803AB19A-B148-487D-99A8-E3FF8BE222F4}.Release|Mixed Platforms.Build.0 = Release|Any CPU
		{803AB19A-B148-487D-99A8-E3FF8BE222F4}.Test|.NET.ActiveCfg = Test|Any CPU
		{803AB19A-B148-487D-99A8-E3FF8BE222F4}.Test|Any CPU.ActiveCfg = Test|Any CPU
		{803AB19A-B148-487D-99A8-E3FF8BE222F4}.Test|Any CPU.Build.0 = Test|Any CPU
		{803AB19A-B148-487D-99A8-E3FF8BE222F4}.Test|Mixed Platforms.ActiveCfg = Test|Any CPU
		{803AB19A-B148-487D-99A8-E3FF8BE222F4}.Test|Mixed Platforms.Build.0 = Test|Any CPU
		{96C16422-3827-4D04-B34E-BA27EA3F3D8B}.Debug|.NET.ActiveCfg = Debug|Any CPU
		{96C16422-3827-4D04-B34E-BA27EA3F3D8B}.Debug|Any CPU.ActiveCfg = Debug|Any CPU
		{96C16422-3827-4D04-B34E-BA27EA3F3D8B}.Debug|Any CPU.Build.0 = Debug|Any CPU
		{96C16422-3827-4D04-B34E-BA27EA3F3D8B}.Debug|Mixed Platforms.ActiveCfg = Debug|Any CPU
		{96C16422-3827-4D04-B34E-BA27EA3F3D8B}.Debug|Mixed Platforms.Build.0 = Debug|Any CPU
		{96C16422-3827-4D04-B34E-BA27EA3F3D8B}.DebugLocal|.NET.ActiveCfg = Debug|Any CPU
		{96C16422-3827-4D04-B34E-BA27EA3F3D8B}.DebugLocal|Any CPU.ActiveCfg = Debug|Any CPU
		{96C16422-3827-4D04-B34E-BA27EA3F3D8B}.DebugLocal|Any CPU.Build.0 = Debug|Any CPU
		{96C16422-3827-4D04-B34E-BA27EA3F3D8B}.DebugLocal|Mixed Platforms.ActiveCfg = Debug|Any CPU
		{96C16422-3827-4D04-B34E-BA27EA3F3D8B}.DebugLocal|Mixed Platforms.Build.0 = Debug|Any CPU
		{96C16422-3827-4D04-B34E-BA27EA3F3D8B}.Release|.NET.ActiveCfg = Release|Any CPU
		{96C16422-3827-4D04-B34E-BA27EA3F3D8B}.Release|Any CPU.ActiveCfg = Release|Any CPU
		{96C16422-3827-4D04-B34E-BA27EA3F3D8B}.Release|Any CPU.Build.0 = Release|Any CPU
		{96C16422-3827-4D04-B34E-BA27EA3F3D8B}.Release|Mixed Platforms.ActiveCfg = Release|Any CPU
		{96C16422-3827-4D04-B34E-BA27EA3F3D8B}.Release|Mixed Platforms.Build.0 = Release|Any CPU
		{96C16422-3827-4D04-B34E-BA27EA3F3D8B}.Test|.NET.ActiveCfg = Test|Any CPU
		{96C16422-3827-4D04-B34E-BA27EA3F3D8B}.Test|Any CPU.ActiveCfg = Test|Any CPU
		{96C16422-3827-4D04-B34E-BA27EA3F3D8B}.Test|Any CPU.Build.0 = Test|Any CPU
		{96C16422-3827-4D04-B34E-BA27EA3F3D8B}.Test|Mixed Platforms.ActiveCfg = Test|Any CPU
		{96C16422-3827-4D04-B34E-BA27EA3F3D8B}.Test|Mixed Platforms.Build.0 = Test|Any CPU
		{031EECA0-481E-444A-B4DE-A3977607DA5F}.Debug|.NET.ActiveCfg = Debug|Any CPU
		{031EECA0-481E-444A-B4DE-A3977607DA5F}.Debug|Any CPU.ActiveCfg = Debug|Any CPU
		{031EECA0-481E-444A-B4DE-A3977607DA5F}.Debug|Any CPU.Build.0 = Debug|Any CPU
		{031EECA0-481E-444A-B4DE-A3977607DA5F}.Debug|Mixed Platforms.ActiveCfg = Debug|Any CPU
		{031EECA0-481E-444A-B4DE-A3977607DA5F}.Debug|Mixed Platforms.Build.0 = Debug|Any CPU
		{031EECA0-481E-444A-B4DE-A3977607DA5F}.DebugLocal|.NET.ActiveCfg = Debug|Any CPU
		{031EECA0-481E-444A-B4DE-A3977607DA5F}.DebugLocal|Any CPU.ActiveCfg = Debug|Any CPU
		{031EECA0-481E-444A-B4DE-A3977607DA5F}.DebugLocal|Any CPU.Build.0 = Debug|Any CPU
		{031EECA0-481E-444A-B4DE-A3977607DA5F}.DebugLocal|Mixed Platforms.ActiveCfg = Debug|Any CPU
		{031EECA0-481E-444A-B4DE-A3977607DA5F}.DebugLocal|Mixed Platforms.Build.0 = Debug|Any CPU
		{031EECA0-481E-444A-B4DE-A3977607DA5F}.Release|.NET.ActiveCfg = Release|Any CPU
		{031EECA0-481E-444A-B4DE-A3977607DA5F}.Release|Any CPU.ActiveCfg = Release|Any CPU
		{031EECA0-481E-444A-B4DE-A3977607DA5F}.Release|Any CPU.Build.0 = Release|Any CPU
		{031EECA0-481E-444A-B4DE-A3977607DA5F}.Release|Mixed Platforms.ActiveCfg = Release|Any CPU
		{031EECA0-481E-444A-B4DE-A3977607DA5F}.Release|Mixed Platforms.Build.0 = Release|Any CPU
		{031EECA0-481E-444A-B4DE-A3977607DA5F}.Test|.NET.ActiveCfg = Test|Any CPU
		{031EECA0-481E-444A-B4DE-A3977607DA5F}.Test|Any CPU.ActiveCfg = Test|Any CPU
		{031EECA0-481E-444A-B4DE-A3977607DA5F}.Test|Any CPU.Build.0 = Test|Any CPU
		{031EECA0-481E-444A-B4DE-A3977607DA5F}.Test|Mixed Platforms.ActiveCfg = Test|Any CPU
		{031EECA0-481E-444A-B4DE-A3977607DA5F}.Test|Mixed Platforms.Build.0 = Test|Any CPU
		{67CBC824-A49E-4E9B-A947-360F3DFE65C3}.Debug|.NET.ActiveCfg = Debug|Any CPU
		{67CBC824-A49E-4E9B-A947-360F3DFE65C3}.Debug|Any CPU.ActiveCfg = Debug|Any CPU
		{67CBC824-A49E-4E9B-A947-360F3DFE65C3}.Debug|Mixed Platforms.ActiveCfg = Debug|Any CPU
		{67CBC824-A49E-4E9B-A947-360F3DFE65C3}.DebugLocal|.NET.ActiveCfg = Debug|Any CPU
		{67CBC824-A49E-4E9B-A947-360F3DFE65C3}.DebugLocal|Any CPU.ActiveCfg = Debug|Any CPU
		{67CBC824-A49E-4E9B-A947-360F3DFE65C3}.DebugLocal|Mixed Platforms.ActiveCfg = Debug|Any CPU
		{67CBC824-A49E-4E9B-A947-360F3DFE65C3}.Release|.NET.ActiveCfg = Release|Any CPU
		{67CBC824-A49E-4E9B-A947-360F3DFE65C3}.Release|Any CPU.ActiveCfg = Release|Any CPU
		{67CBC824-A49E-4E9B-A947-360F3DFE65C3}.Release|Mixed Platforms.ActiveCfg = Release|Any CPU
		{67CBC824-A49E-4E9B-A947-360F3DFE65C3}.Test|.NET.ActiveCfg = Debug|Any CPU
		{67CBC824-A49E-4E9B-A947-360F3DFE65C3}.Test|Any CPU.ActiveCfg = Debug|Any CPU
		{67CBC824-A49E-4E9B-A947-360F3DFE65C3}.Test|Mixed Platforms.ActiveCfg = Debug|Any CPU
		{FC36183B-54B8-4AF1-8BF3-6ED47EA21DE6}.Debug|.NET.ActiveCfg = Debug|Any CPU
		{FC36183B-54B8-4AF1-8BF3-6ED47EA21DE6}.Debug|Any CPU.ActiveCfg = Debug|Any CPU
		{FC36183B-54B8-4AF1-8BF3-6ED47EA21DE6}.Debug|Any CPU.Build.0 = Debug|Any CPU
		{FC36183B-54B8-4AF1-8BF3-6ED47EA21DE6}.Debug|Any CPU.Deploy.0 = Debug|Any CPU
		{FC36183B-54B8-4AF1-8BF3-6ED47EA21DE6}.Debug|Mixed Platforms.ActiveCfg = Debug|Any CPU
		{FC36183B-54B8-4AF1-8BF3-6ED47EA21DE6}.DebugLocal|.NET.ActiveCfg = Debug|Any CPU
		{FC36183B-54B8-4AF1-8BF3-6ED47EA21DE6}.DebugLocal|Any CPU.ActiveCfg = Debug|Any CPU
		{FC36183B-54B8-4AF1-8BF3-6ED47EA21DE6}.DebugLocal|Any CPU.Build.0 = Debug|Any CPU
		{FC36183B-54B8-4AF1-8BF3-6ED47EA21DE6}.DebugLocal|Any CPU.Deploy.0 = Debug|Any CPU
		{FC36183B-54B8-4AF1-8BF3-6ED47EA21DE6}.DebugLocal|Mixed Platforms.ActiveCfg = Debug|Any CPU
		{FC36183B-54B8-4AF1-8BF3-6ED47EA21DE6}.DebugLocal|Mixed Platforms.Build.0 = Debug|Any CPU
		{FC36183B-54B8-4AF1-8BF3-6ED47EA21DE6}.DebugLocal|Mixed Platforms.Deploy.0 = Debug|Any CPU
		{FC36183B-54B8-4AF1-8BF3-6ED47EA21DE6}.Release|.NET.ActiveCfg = Release|Any CPU
		{FC36183B-54B8-4AF1-8BF3-6ED47EA21DE6}.Release|Any CPU.ActiveCfg = Release|Any CPU
		{FC36183B-54B8-4AF1-8BF3-6ED47EA21DE6}.Release|Any CPU.Build.0 = Release|Any CPU
		{FC36183B-54B8-4AF1-8BF3-6ED47EA21DE6}.Release|Any CPU.Deploy.0 = Release|Any CPU
		{FC36183B-54B8-4AF1-8BF3-6ED47EA21DE6}.Release|Mixed Platforms.ActiveCfg = Release|Any CPU
		{FC36183B-54B8-4AF1-8BF3-6ED47EA21DE6}.Test|.NET.ActiveCfg = Test|Any CPU
		{FC36183B-54B8-4AF1-8BF3-6ED47EA21DE6}.Test|Any CPU.ActiveCfg = Test|Any CPU
		{FC36183B-54B8-4AF1-8BF3-6ED47EA21DE6}.Test|Any CPU.Deploy.0 = Test|Any CPU
		{FC36183B-54B8-4AF1-8BF3-6ED47EA21DE6}.Test|Mixed Platforms.ActiveCfg = Test|Any CPU
		{B098D2CC-3A61-4B03-95D1-459523991226}.Debug|.NET.ActiveCfg = Debug|Any CPU
		{B098D2CC-3A61-4B03-95D1-459523991226}.Debug|Any CPU.ActiveCfg = Debug|Any CPU
		{B098D2CC-3A61-4B03-95D1-459523991226}.Debug|Any CPU.Build.0 = Debug|Any CPU
		{B098D2CC-3A61-4B03-95D1-459523991226}.Debug|Any CPU.Deploy.0 = Debug|Any CPU
		{B098D2CC-3A61-4B03-95D1-459523991226}.Debug|Mixed Platforms.ActiveCfg = Debug|Any CPU
		{B098D2CC-3A61-4B03-95D1-459523991226}.DebugLocal|.NET.ActiveCfg = Debug|Any CPU
		{B098D2CC-3A61-4B03-95D1-459523991226}.DebugLocal|Any CPU.ActiveCfg = Debug|Any CPU
		{B098D2CC-3A61-4B03-95D1-459523991226}.DebugLocal|Any CPU.Build.0 = Debug|Any CPU
		{B098D2CC-3A61-4B03-95D1-459523991226}.DebugLocal|Any CPU.Deploy.0 = Debug|Any CPU
		{B098D2CC-3A61-4B03-95D1-459523991226}.DebugLocal|Mixed Platforms.ActiveCfg = Debug|Any CPU
		{B098D2CC-3A61-4B03-95D1-459523991226}.DebugLocal|Mixed Platforms.Build.0 = Debug|Any CPU
		{B098D2CC-3A61-4B03-95D1-459523991226}.DebugLocal|Mixed Platforms.Deploy.0 = Debug|Any CPU
		{B098D2CC-3A61-4B03-95D1-459523991226}.Release|.NET.ActiveCfg = Release|Any CPU
		{B098D2CC-3A61-4B03-95D1-459523991226}.Release|Any CPU.ActiveCfg = Release|Any CPU
		{B098D2CC-3A61-4B03-95D1-459523991226}.Release|Any CPU.Build.0 = Release|Any CPU
		{B098D2CC-3A61-4B03-95D1-459523991226}.Release|Any CPU.Deploy.0 = Release|Any CPU
		{B098D2CC-3A61-4B03-95D1-459523991226}.Release|Mixed Platforms.ActiveCfg = Release|Any CPU
		{B098D2CC-3A61-4B03-95D1-459523991226}.Test|.NET.ActiveCfg = Test|Any CPU
		{B098D2CC-3A61-4B03-95D1-459523991226}.Test|Any CPU.ActiveCfg = Test|Any CPU
		{B098D2CC-3A61-4B03-95D1-459523991226}.Test|Any CPU.Deploy.0 = Test|Any CPU
		{B098D2CC-3A61-4B03-95D1-459523991226}.Test|Mixed Platforms.ActiveCfg = Test|Any CPU
		{9931B892-5ECE-49FF-9356-C06CFC8318E7}.Debug|.NET.ActiveCfg = Debug|Any CPU
		{9931B892-5ECE-49FF-9356-C06CFC8318E7}.Debug|Any CPU.ActiveCfg = Debug|Any CPU
		{9931B892-5ECE-49FF-9356-C06CFC8318E7}.Debug|Any CPU.Build.0 = Debug|Any CPU
		{9931B892-5ECE-49FF-9356-C06CFC8318E7}.Debug|Mixed Platforms.ActiveCfg = Debug|Any CPU
		{9931B892-5ECE-49FF-9356-C06CFC8318E7}.DebugLocal|.NET.ActiveCfg = Debug|Any CPU
		{9931B892-5ECE-49FF-9356-C06CFC8318E7}.DebugLocal|Any CPU.ActiveCfg = Debug|Any CPU
		{9931B892-5ECE-49FF-9356-C06CFC8318E7}.DebugLocal|Any CPU.Build.0 = Debug|Any CPU
		{9931B892-5ECE-49FF-9356-C06CFC8318E7}.DebugLocal|Mixed Platforms.ActiveCfg = Debug|Any CPU
		{9931B892-5ECE-49FF-9356-C06CFC8318E7}.DebugLocal|Mixed Platforms.Build.0 = Debug|Any CPU
		{9931B892-5ECE-49FF-9356-C06CFC8318E7}.Release|.NET.ActiveCfg = Release|Any CPU
		{9931B892-5ECE-49FF-9356-C06CFC8318E7}.Release|Any CPU.ActiveCfg = Release|Any CPU
		{9931B892-5ECE-49FF-9356-C06CFC8318E7}.Release|Any CPU.Build.0 = Release|Any CPU
		{9931B892-5ECE-49FF-9356-C06CFC8318E7}.Release|Mixed Platforms.ActiveCfg = Release|Any CPU
		{9931B892-5ECE-49FF-9356-C06CFC8318E7}.Release|Mixed Platforms.Build.0 = Release|Any CPU
		{9931B892-5ECE-49FF-9356-C06CFC8318E7}.Test|.NET.ActiveCfg = Test|Any CPU
		{9931B892-5ECE-49FF-9356-C06CFC8318E7}.Test|Any CPU.ActiveCfg = Test|Any CPU
		{9931B892-5ECE-49FF-9356-C06CFC8318E7}.Test|Any CPU.Build.0 = Test|Any CPU
		{9931B892-5ECE-49FF-9356-C06CFC8318E7}.Test|Mixed Platforms.ActiveCfg = Test|Any CPU
		{9931B892-5ECE-49FF-9356-C06CFC8318E7}.Test|Mixed Platforms.Build.0 = Test|Any CPU
		{5619B0B1-9B20-42BF-91C2-6448B7805721}.Debug|.NET.ActiveCfg = DebugLocal
		{5619B0B1-9B20-42BF-91C2-6448B7805721}.Debug|.NET.Build.0 = DebugLocal
		{5619B0B1-9B20-42BF-91C2-6448B7805721}.Debug|Any CPU.ActiveCfg = DebugLocal
		{5619B0B1-9B20-42BF-91C2-6448B7805721}.Debug|Any CPU.Build.0 = DebugLocal
		{5619B0B1-9B20-42BF-91C2-6448B7805721}.Debug|Mixed Platforms.ActiveCfg = DebugLocal
		{5619B0B1-9B20-42BF-91C2-6448B7805721}.DebugLocal|.NET.ActiveCfg = DebugLocal
		{5619B0B1-9B20-42BF-91C2-6448B7805721}.DebugLocal|.NET.Build.0 = DebugLocal
		{5619B0B1-9B20-42BF-91C2-6448B7805721}.DebugLocal|Any CPU.ActiveCfg = DebugLocal
		{5619B0B1-9B20-42BF-91C2-6448B7805721}.DebugLocal|Any CPU.Build.0 = DebugLocal
		{5619B0B1-9B20-42BF-91C2-6448B7805721}.DebugLocal|Mixed Platforms.ActiveCfg = DebugLocal
		{5619B0B1-9B20-42BF-91C2-6448B7805721}.DebugLocal|Mixed Platforms.Build.0 = DebugLocal
		{5619B0B1-9B20-42BF-91C2-6448B7805721}.Release|.NET.ActiveCfg = Release
		{5619B0B1-9B20-42BF-91C2-6448B7805721}.Release|.NET.Build.0 = Release
		{5619B0B1-9B20-42BF-91C2-6448B7805721}.Release|.NET.Deploy.0 = Release
		{5619B0B1-9B20-42BF-91C2-6448B7805721}.Release|Any CPU.ActiveCfg = Release
		{5619B0B1-9B20-42BF-91C2-6448B7805721}.Release|Any CPU.Build.0 = Release
		{5619B0B1-9B20-42BF-91C2-6448B7805721}.Release|Any CPU.Deploy.0 = Release
		{5619B0B1-9B20-42BF-91C2-6448B7805721}.Release|Mixed Platforms.ActiveCfg = Release
		{5619B0B1-9B20-42BF-91C2-6448B7805721}.Test|.NET.ActiveCfg = Release
		{5619B0B1-9B20-42BF-91C2-6448B7805721}.Test|.NET.Build.0 = Release
		{5619B0B1-9B20-42BF-91C2-6448B7805721}.Test|.NET.Deploy.0 = Release
		{5619B0B1-9B20-42BF-91C2-6448B7805721}.Test|Any CPU.ActiveCfg = Release
		{5619B0B1-9B20-42BF-91C2-6448B7805721}.Test|Any CPU.Build.0 = Release
		{5619B0B1-9B20-42BF-91C2-6448B7805721}.Test|Any CPU.Deploy.0 = Release
		{5619B0B1-9B20-42BF-91C2-6448B7805721}.Test|Mixed Platforms.ActiveCfg = Debug
	EndGlobalSection
	GlobalSection(SolutionProperties) = preSolution
		HideSolutionNode = FALSE
	EndGlobalSection
EndGlobal
